<?xml version="1.0" encoding="utf-8"?>
<Project ToolsVersion="4.0" xmlns="http://schemas.microsoft.com/developer/msbuild/2003">
  <ItemGroup>
    <Filter Include="Source">
      <UniqueIdentifier>{4FC737F1-C7A5-4376-A066-2A32D752A2FF}</UniqueIdentifier>
      <Extensions>
      </Extensions>
    </Filter>
    <Filter Include="Source\Core">
      <UniqueIdentifier>{d1ae8526-b312-4500-9d96-139198ec13be}</UniqueIdentifier>
    </Filter>
    <Filter Include="Header Files">
      <UniqueIdentifier>{cc60c2e2-6943-483a-8fd4-d2fa70044456}</UniqueIdentifier>
    </Filter>
    <Filter Include="Header Files\Core">
      <UniqueIdentifier>{1f34fdd9-5291-4406-bbe9-69607dbaa36e}</UniqueIdentifier>
    </Filter>
    <Filter Include="Header Files\Scene">
      <UniqueIdentifier>{bc56a795-ff46-4721-824d-39af944b9271}</UniqueIdentifier>
    </Filter>
    <Filter Include="Source\Scene">
      <UniqueIdentifier>{23dd43aa-d803-41aa-8f4c-4f49a2582c93}</UniqueIdentifier>
    </Filter>
    <Filter Include="Assets">
      <UniqueIdentifier>{9ccabc3e-a985-4640-9f34-b1bae68d246d}</UniqueIdentifier>
    </Filter>
    <Filter Include="Assets\Shaders">
      <UniqueIdentifier>{7fda0b73-12fb-41ab-ac43-c85d3389e7f3}</UniqueIdentifier>
    </Filter>
    <Filter Include="gui">
      <UniqueIdentifier>{64686557-4fc5-47a8-a424-347bce47ca1d}</UniqueIdentifier>
    </Filter>
  </ItemGroup>
  <ItemGroup>
    <ClCompile Include="Launch.cpp">
      <Filter>Source</Filter>
    </ClCompile>
    <ClCompile Include="pch.cpp">
      <Filter>Source</Filter>
    </ClCompile>
    <ClCompile Include="Time.cpp">
      <Filter>Source\Core</Filter>
    </ClCompile>
    <ClCompile Include="EngineCore.cpp">
      <Filter>Source\Core</Filter>
    </ClCompile>
    <ClCompile Include="AVisualApp.cpp">
      <Filter>Source\Core</Filter>
    </ClCompile>
    <ClCompile Include="Graphics.cpp">
      <Filter>Source\Core</Filter>
    </ClCompile>
    <ClCompile Include="CommandListManager.cpp">
      <Filter>Source\Core</Filter>
    </ClCompile>
    <ClCompile Include="CommandAllocatorPool.cpp">
      <Filter>Source\Core</Filter>
    </ClCompile>
    <ClCompile Include="FrameResource.cpp">
      <Filter>Source\Core</Filter>
    </ClCompile>
    <ClCompile Include="SceneLoader.cpp">
      <Filter>Source\Scene</Filter>
    </ClCompile>
    <ClCompile Include="Model.cpp">
      <Filter>Source\Scene</Filter>
    </ClCompile>
    <ClCompile Include="Renderer.cpp">
      <Filter>Source\Core</Filter>
    </ClCompile>
    <ClCompile Include="RenderItem.cpp">
      <Filter>Source\Core</Filter>
    </ClCompile>
    <ClCompile Include="Camera.cpp">
      <Filter>Source\Core</Filter>
    </ClCompile>
    <ClCompile Include="Math.cpp">
      <Filter>Source\Core</Filter>
    </ClCompile>
    <ClCompile Include="UploadBuffer.cpp">
      <Filter>Source\Core</Filter>
    </ClCompile>
    <ClCompile Include="Control.cpp">
      <Filter>Source\Core</Filter>
    </ClCompile>
    <ClCompile Include="DXRRenderer.cpp">
      <Filter>Source\Core</Filter>
    </ClCompile>
    <ClCompile Include="DXRAccelerateStructures.cpp">
      <Filter>Source\Core</Filter>
    </ClCompile>
    <ClCompile Include="imgui.cpp">
      <Filter>gui</Filter>
    </ClCompile>
    <ClCompile Include="imgui_demo.cpp">
      <Filter>gui</Filter>
    </ClCompile>
    <ClCompile Include="imgui_draw.cpp">
      <Filter>gui</Filter>
    </ClCompile>
    <ClCompile Include="imgui_impl_dx12.cpp">
      <Filter>gui</Filter>
    </ClCompile>
    <ClCompile Include="imgui_impl_win32.cpp">
      <Filter>gui</Filter>
    </ClCompile>
    <ClCompile Include="imgui_tables.cpp">
      <Filter>gui</Filter>
    </ClCompile>
    <ClCompile Include="imgui_widgets.cpp">
      <Filter>gui</Filter>
    </ClCompile>
    <ClCompile Include="imguiRenderer.cpp">
      <Filter>gui</Filter>
    </ClCompile>
    <ClCompile Include="Cubemap.cpp">
      <Filter>Source\Core</Filter>
    </ClCompile>
  </ItemGroup>
  <ItemGroup>
    <ClInclude Include="EngineCore.h">
      <Filter>Header Files\Core</Filter>
    </ClInclude>
    <ClInclude Include="EngineLoop.h">
      <Filter>Header Files\Core</Filter>
    </ClInclude>
    <ClInclude Include="Graphics.h">
      <Filter>Header Files\Core</Filter>
    </ClInclude>
    <ClInclude Include="NormalVisualApp.h">
      <Filter>Header Files\Core</Filter>
    </ClInclude>
    <ClInclude Include="Time.h">
      <Filter>Header Files\Core</Filter>
    </ClInclude>
    <ClInclude Include="Utils.h">
      <Filter>Header Files\Core</Filter>
    </ClInclude>
    <ClInclude Include="Config.h">
      <Filter>Header Files</Filter>
    </ClInclude>
    <ClInclude Include="pch.h">
      <Filter>Header Files</Filter>
    </ClInclude>
    <ClInclude Include="AVisualApp.h">
      <Filter>Header Files\Core</Filter>
    </ClInclude>
    <ClInclude Include="CommandListManager.h">
      <Filter>Header Files\Core</Filter>
    </ClInclude>
    <ClInclude Include="CommandAllocatorPool.h">
      <Filter>Header Files\Core</Filter>
    </ClInclude>
    <ClInclude Include="FrameResource.h">
      <Filter>Header Files\Core</Filter>
    </ClInclude>
    <ClInclude Include="SceneLoader.h">
      <Filter>Header Files\Scene</Filter>
    </ClInclude>
    <ClInclude Include="stb_image_write.h">
      <Filter>Header Files\Scene</Filter>
    </ClInclude>
    <ClInclude Include="json.hpp">
      <Filter>Header Files\Scene</Filter>
    </ClInclude>
    <ClInclude Include="stb_image.h">
      <Filter>Header Files\Scene</Filter>
    </ClInclude>
    <ClInclude Include="tiny_gltf.h">
      <Filter>Header Files\Scene</Filter>
    </ClInclude>
    <ClInclude Include="Model.h">
      <Filter>Header Files\Scene</Filter>
    </ClInclude>
    <ClInclude Include="Renderer.h">
      <Filter>Header Files\Core</Filter>
    </ClInclude>
    <ClInclude Include="RenderItem.h">
      <Filter>Header Files\Core</Filter>
    </ClInclude>
    <ClInclude Include="Camera.h">
      <Filter>Header Files\Core</Filter>
    </ClInclude>
    <ClInclude Include="Math.h">
      <Filter>Header Files\Core</Filter>
    </ClInclude>
    <ClInclude Include="UploadBuffer.h">
      <Filter>Header Files\Core</Filter>
    </ClInclude>
    <ClInclude Include="Control.h">
      <Filter>Header Files\Core</Filter>
    </ClInclude>
    <ClInclude Include="Material.h">
      <Filter>Header Files\Scene</Filter>
    </ClInclude>
    <ClInclude Include="Light.h">
      <Filter>Header Files\Scene</Filter>
    </ClInclude>
    <ClInclude Include="DXRRenderer.h">
      <Filter>Header Files\Core</Filter>
    </ClInclude>
    <ClInclude Include="DXRAccelerateStructures.h">
      <Filter>Header Files\Core</Filter>
    </ClInclude>
    <ClInclude Include="imconfig.h">
      <Filter>gui</Filter>
    </ClInclude>
    <ClInclude Include="imgui.h">
      <Filter>gui</Filter>
    </ClInclude>
    <ClInclude Include="imgui_impl_dx12.h">
      <Filter>gui</Filter>
    </ClInclude>
    <ClInclude Include="imgui_impl_win32.h">
      <Filter>gui</Filter>
    </ClInclude>
    <ClInclude Include="imgui_internal.h">
      <Filter>gui</Filter>
    </ClInclude>
    <ClInclude Include="imguiRenderer.h">
      <Filter>gui</Filter>
    </ClInclude>
    <ClInclude Include="ShaderLightingData.h">
      <Filter>Assets\Shaders</Filter>
    </ClInclude>
    <ClInclude Include="Cubemap.h">
      <Filter>Header Files\Core</Filter>
    </ClInclude>
  </ItemGroup>
  <ItemGroup>
    <CustomBuild Include="Shaders\defaultPhongPS.hlsl">
      <Filter>Assets\Shaders</Filter>
    </CustomBuild>
    <CustomBuild Include="Shaders\defaultVS.hlsl">
      <Filter>Assets\Shaders</Filter>
    </CustomBuild>
    <CustomBuild Include="Shaders\cubemapPS.hlsl">
      <Filter>Assets\Shaders</Filter>
    </CustomBuild>
    <CustomBuild Include="Shaders\cubemapVS.hlsl">
      <Filter>Assets\Shaders</Filter>
    </CustomBuild>
    <CustomBuild Include="Shaders\defaultPS_PBR.hlsl">
      <Filter>Assets\Shaders</Filter>
    </CustomBuild>
    <CustomBuild Include="Shaders\irradiancePS.hlsl">
      <Filter>Assets\Shaders</Filter>
    </CustomBuild>
    <CustomBuild Include="Shaders\irradianceVS.hlsl">
      <Filter>Assets\Shaders</Filter>
    </CustomBuild>
    <CustomBuild Include="Shaders\skyboxPS.hlsl">
      <Filter>Assets\Shaders</Filter>
    </CustomBuild>
    <CustomBuild Include="Shaders\skyboxVS.hlsl">
      <Filter>Assets\Shaders</Filter>
    </CustomBuild>
  </ItemGroup>
  <ItemGroup>
    <None Include="packages.config" />
    <None Include="Common.hlsli">
      <Filter>Assets\Shaders</Filter>
    </None>
    <None Include="imgui.ini">
      <Filter>gui</Filter>
    </None>
  </ItemGroup>
</Project>