<?xml version="1.0" encoding="utf-8"?>
<Project ToolsVersion="4.0" xmlns="http://schemas.microsoft.com/developer/msbuild/2003">
  <ItemGroup>
    <Filter Include="Source">
      <UniqueIdentifier>{4FC737F1-C7A5-4376-A066-2A32D752A2FF}</UniqueIdentifier>
      <Extensions>
      </Extensions>
    </Filter>
    <Filter Include="Shaders">
      <UniqueIdentifier>{0b9776c6-0168-452c-9e31-a6e22a87544d}</UniqueIdentifier>
    </Filter>
    <Filter Include="Source\Core">
      <UniqueIdentifier>{d1ae8526-b312-4500-9d96-139198ec13be}</UniqueIdentifier>
    </Filter>
    <Filter Include="Source\Core\Header Files">
      <UniqueIdentifier>{cc60c2e2-6943-483a-8fd4-d2fa70044456}</UniqueIdentifier>
    </Filter>
  </ItemGroup>
  <ItemGroup>
    <ClCompile Include="Launch.cpp">
      <Filter>Source</Filter>
    </ClCompile>
    <ClCompile Include="pch.cpp">
      <Filter>Source</Filter>
    </ClCompile>
    <ClCompile Include="Timer.cpp">
      <Filter>Source\Core</Filter>
    </ClCompile>
    <ClCompile Include="EngineCore.cpp">
      <Filter>Source\Core</Filter>
    </ClCompile>
  </ItemGroup>
  <ItemGroup>
    <ClInclude Include="pch.h">
      <Filter>Source</Filter>
    </ClInclude>
    <ClInclude Include="EngineCore.h">
      <Filter>Source\Core\Header Files</Filter>
    </ClInclude>
    <ClInclude Include="Timer.h">
      <Filter>Source\Core\Header Files</Filter>
    </ClInclude>
    <ClInclude Include="EngineLoop.h">
      <Filter>Source\Core\Header Files</Filter>
    </ClInclude>
    <ClInclude Include="Utils.h">
      <Filter>Source\Core\Header Files</Filter>
    </ClInclude>
  </ItemGroup>
</Project>